// !$*UTF8*$!
{
	archiveVersion = 1;
	classes = {
	};
	objectVersion = 46;
	objects = {

/* Begin PBXBuildFile section */
		026043F51BFA8F87000A9BFF /* Date.swift in Sources */ = {isa = PBXBuildFile; fileRef = 026043F41BFA8F87000A9BFF /* Date.swift */; };
		027146721BFC62DB0043E6DE /* Filter.swift in Sources */ = {isa = PBXBuildFile; fileRef = 027146711BFC62DB0043E6DE /* Filter.swift */; };
		027146761BFC6FD00043E6DE /* Common.swift in Sources */ = {isa = PBXBuildFile; fileRef = 027146751BFC6FD00043E6DE /* Common.swift */; };
		027146781BFDAD090043E6DE /* ExploreTableViewController.swift in Sources */ = {isa = PBXBuildFile; fileRef = 027146771BFDAD090043E6DE /* ExploreTableViewController.swift */; };
		02AE3FDC1BFA7EF9003156F0 /* User.swift in Sources */ = {isa = PBXBuildFile; fileRef = 02AE3FDB1BFA7EF9003156F0 /* User.swift */; };
		02AE3FDE1BFA7F5F003156F0 /* Session.swift in Sources */ = {isa = PBXBuildFile; fileRef = 02AE3FDD1BFA7F5F003156F0 /* Session.swift */; };
		390937C01BEACEA8008043B4 /* SessionInfoViewController.swift in Sources */ = {isa = PBXBuildFile; fileRef = 390937BF1BEACEA8008043B4 /* SessionInfoViewController.swift */; };
		390937FC1BEC0B59008043B4 /* MapKit.framework in Frameworks */ = {isa = PBXBuildFile; fileRef = 390937FB1BEC0B59008043B4 /* MapKit.framework */; };
		3929C7CB1BFABB580081992E /* Review.swift in Sources */ = {isa = PBXBuildFile; fileRef = 3929C7CA1BFABB580081992E /* Review.swift */; };
		3929C7CD1BFABE630081992E /* ReviewTableViewCell.swift in Sources */ = {isa = PBXBuildFile; fileRef = 3929C7CC1BFABE630081992E /* ReviewTableViewCell.swift */; };
		3929C7D11BFAF3090081992E /* ReviewTableViewController.swift in Sources */ = {isa = PBXBuildFile; fileRef = 3929C7D01BFAF3090081992E /* ReviewTableViewController.swift */; };
		3992E0FB1BFBF2FD005F2C00 /* EditProfileViewController.swift in Sources */ = {isa = PBXBuildFile; fileRef = 3992E0FA1BFBF2FD005F2C00 /* EditProfileViewController.swift */; };
		3992E0FF1BFC15E4005F2C00 /* Search.swift in Sources */ = {isa = PBXBuildFile; fileRef = 3992E0FD1BFC15E4005F2C00 /* Search.swift */; };
		3992E1011BFC32ED005F2C00 /* FilterViewController.swift in Sources */ = {isa = PBXBuildFile; fileRef = 3992E1001BFC32ED005F2C00 /* FilterViewController.swift */; };
		3992E1031BFC5903005F2C00 /* PostReviewViewController.swift in Sources */ = {isa = PBXBuildFile; fileRef = 3992E1021BFC5903005F2C00 /* PostReviewViewController.swift */; };
		7E2C70C31BDDA834000F7F0F /* AppDelegate.swift in Sources */ = {isa = PBXBuildFile; fileRef = 7E2C70C21BDDA834000F7F0F /* AppDelegate.swift */; };
		7E2C70C51BDDA834000F7F0F /* LaunchViewController.swift in Sources */ = {isa = PBXBuildFile; fileRef = 7E2C70C41BDDA834000F7F0F /* LaunchViewController.swift */; };
		7E2C70C81BDDA834000F7F0F /* Main.storyboard in Resources */ = {isa = PBXBuildFile; fileRef = 7E2C70C61BDDA834000F7F0F /* Main.storyboard */; };
		7E2C70CA1BDDA834000F7F0F /* Assets.xcassets in Resources */ = {isa = PBXBuildFile; fileRef = 7E2C70C91BDDA834000F7F0F /* Assets.xcassets */; };
		7E2C70CD1BDDA834000F7F0F /* LaunchScreen.storyboard in Resources */ = {isa = PBXBuildFile; fileRef = 7E2C70CB1BDDA834000F7F0F /* LaunchScreen.storyboard */; };
		7E2C70DC1BDDA917000F7F0F /* Bolts.framework in Frameworks */ = {isa = PBXBuildFile; fileRef = 7E2C70DA1BDDA917000F7F0F /* Bolts.framework */; };
		7E2C70DD1BDDA917000F7F0F /* Parse.framework in Frameworks */ = {isa = PBXBuildFile; fileRef = 7E2C70DB1BDDA917000F7F0F /* Parse.framework */; };
		7E2C70DF1BDDA9E7000F7F0F /* AudioToolbox.framework in Frameworks */ = {isa = PBXBuildFile; fileRef = 7E2C70DE1BDDA9E7000F7F0F /* AudioToolbox.framework */; };
		7E2C70E11BDDA9EF000F7F0F /* CFNetwork.framework in Frameworks */ = {isa = PBXBuildFile; fileRef = 7E2C70E01BDDA9EF000F7F0F /* CFNetwork.framework */; };
		7E2C70E31BDDA9F8000F7F0F /* CoreGraphics.framework in Frameworks */ = {isa = PBXBuildFile; fileRef = 7E2C70E21BDDA9F8000F7F0F /* CoreGraphics.framework */; };
		7E2C70E51BDDA9FF000F7F0F /* CoreLocation.framework in Frameworks */ = {isa = PBXBuildFile; fileRef = 7E2C70E41BDDA9FF000F7F0F /* CoreLocation.framework */; };
		7E2C70E71BDDAA07000F7F0F /* QuartzCore.framework in Frameworks */ = {isa = PBXBuildFile; fileRef = 7E2C70E61BDDAA07000F7F0F /* QuartzCore.framework */; };
		7E2C70E91BDDAA10000F7F0F /* Security.framework in Frameworks */ = {isa = PBXBuildFile; fileRef = 7E2C70E81BDDAA10000F7F0F /* Security.framework */; };
		7E2C70EB1BDDAA18000F7F0F /* StoreKit.framework in Frameworks */ = {isa = PBXBuildFile; fileRef = 7E2C70EA1BDDAA18000F7F0F /* StoreKit.framework */; };
		7E2C70ED1BDDAA1F000F7F0F /* SystemConfiguration.framework in Frameworks */ = {isa = PBXBuildFile; fileRef = 7E2C70EC1BDDAA1F000F7F0F /* SystemConfiguration.framework */; };
		7E2C70EF1BDDAA27000F7F0F /* libz.tbd in Frameworks */ = {isa = PBXBuildFile; fileRef = 7E2C70EE1BDDAA27000F7F0F /* libz.tbd */; };
		7E2C70F11BDDAA30000F7F0F /* libsqlite3.tbd in Frameworks */ = {isa = PBXBuildFile; fileRef = 7E2C70F01BDDAA30000F7F0F /* libsqlite3.tbd */; };
		7E2C70F31BDDBD80000F7F0F /* LoginPhoneNumberViewController.swift in Sources */ = {isa = PBXBuildFile; fileRef = 7E2C70F21BDDBD80000F7F0F /* LoginPhoneNumberViewController.swift */; };
		7E4BECA21BE1AC6900D74DEB /* SearchTableViewController.swift in Sources */ = {isa = PBXBuildFile; fileRef = 7E4BECA11BE1AC6900D74DEB /* SearchTableViewController.swift */; };
		7E4BECA81BE1DADF00D74DEB /* LoginConfirmationViewController.swift in Sources */ = {isa = PBXBuildFile; fileRef = 7E4BECA71BE1DADF00D74DEB /* LoginConfirmationViewController.swift */; };
		7E4BECAB1BE30E6900D74DEB /* CreateSessionViewController.swift in Sources */ = {isa = PBXBuildFile; fileRef = 7E4BECAA1BE30E6900D74DEB /* CreateSessionViewController.swift */; };
		7E5D04271BE3550700285761 /* InfoTableViewCell.swift in Sources */ = {isa = PBXBuildFile; fileRef = 7E5D04251BE3550700285761 /* InfoTableViewCell.swift */; };
		7E5D04281BE3550700285761 /* SessionTableViewCell.swift in Sources */ = {isa = PBXBuildFile; fileRef = 7E5D04261BE3550700285761 /* SessionTableViewCell.swift */; };
		7E5D042A1BE3591300285761 /* ProfileTableViewController.swift in Sources */ = {isa = PBXBuildFile; fileRef = 7E5D04291BE3591300285761 /* ProfileTableViewController.swift */; };
		7E5D042C1BE3596E00285761 /* SessionTableViewController.swift in Sources */ = {isa = PBXBuildFile; fileRef = 7E5D042B1BE3596E00285761 /* SessionTableViewController.swift */; };
		7E5D04301BE35F3C00285761 /* sessionCell.xib in Resources */ = {isa = PBXBuildFile; fileRef = 7E5D042F1BE35F3C00285761 /* sessionCell.xib */; };
		7EB0581F1BDDE5F100342F29 /* NumberButtonView.swift in Sources */ = {isa = PBXBuildFile; fileRef = 7EB0581E1BDDE5F100342F29 /* NumberButtonView.swift */; };
		7EB7F0331BE3F13700CCDAB4 /* TuteeSession.swift in Sources */ = {isa = PBXBuildFile; fileRef = 7EB7F0311BE3F13700CCDAB4 /* TuteeSession.swift */; };
		7EB7F0341BE3F13700CCDAB4 /* TutorSession.swift in Sources */ = {isa = PBXBuildFile; fileRef = 7EB7F0321BE3F13700CCDAB4 /* TutorSession.swift */; };
		7EF7C0F21BFC4A180060EE4C /* LoginOrSignUpViewController.swift in Sources */ = {isa = PBXBuildFile; fileRef = 7EF7C0F01BFC4A180060EE4C /* LoginOrSignUpViewController.swift */; };
		7EF7C0F31BFC4A180060EE4C /* LoginProfileContViewController.swift in Sources */ = {isa = PBXBuildFile; fileRef = 7EF7C0F11BFC4A180060EE4C /* LoginProfileContViewController.swift */; };
		7EF7C0F51BFC4A250060EE4C /* CategoryPickerView.swift in Sources */ = {isa = PBXBuildFile; fileRef = 7EF7C0F41BFC4A250060EE4C /* CategoryPickerView.swift */; };
		7EF7C10F1BFD9DCE0060EE4C /* Toucan.swift in Sources */ = {isa = PBXBuildFile; fileRef = 7EF7C10E1BFD9DCE0060EE4C /* Toucan.swift */; };
		7EFEB6A11BDF302000D644A9 /* LoginProfileViewController.swift in Sources */ = {isa = PBXBuildFile; fileRef = 7EFEB6A01BDF302000D644A9 /* LoginProfileViewController.swift */; };
		7EFEB6AE1BDF393D00D644A9 /* AkiraTextField.swift in Sources */ = {isa = PBXBuildFile; fileRef = 7EFEB6A31BDF393D00D644A9 /* AkiraTextField.swift */; };
		7EFEB6AF1BDF393D00D644A9 /* HoshiTextField.swift in Sources */ = {isa = PBXBuildFile; fileRef = 7EFEB6A41BDF393D00D644A9 /* HoshiTextField.swift */; };
		7EFEB6B11BDF393D00D644A9 /* IsaoTextField.swift in Sources */ = {isa = PBXBuildFile; fileRef = 7EFEB6A61BDF393D00D644A9 /* IsaoTextField.swift */; };
		7EFEB6B21BDF393D00D644A9 /* JiroTextField.swift in Sources */ = {isa = PBXBuildFile; fileRef = 7EFEB6A71BDF393D00D644A9 /* JiroTextField.swift */; };
		7EFEB6B31BDF393D00D644A9 /* KaedeTextField.swift in Sources */ = {isa = PBXBuildFile; fileRef = 7EFEB6A81BDF393D00D644A9 /* KaedeTextField.swift */; };
		7EFEB6B41BDF393D00D644A9 /* MadokaTextField.swift in Sources */ = {isa = PBXBuildFile; fileRef = 7EFEB6A91BDF393D00D644A9 /* MadokaTextField.swift */; };
		7EFEB6B51BDF393D00D644A9 /* MinoruTextField.swift in Sources */ = {isa = PBXBuildFile; fileRef = 7EFEB6AA1BDF393D00D644A9 /* MinoruTextField.swift */; };
		7EFEB6B61BDF393D00D644A9 /* TextFieldsEffects.swift in Sources */ = {isa = PBXBuildFile; fileRef = 7EFEB6AC1BDF393D00D644A9 /* TextFieldsEffects.swift */; };
		7EFEB6B71BDF393D00D644A9 /* YokoTextField.swift in Sources */ = {isa = PBXBuildFile; fileRef = 7EFEB6AD1BDF393D00D644A9 /* YokoTextField.swift */; };
		8818C0B25706653B02723567 /* Pods_B2BTutoring.framework in Frameworks */ = {isa = PBXBuildFile; fileRef = 1CC91E4F30D159C033A5BBD7 /* Pods_B2BTutoring.framework */; };
		F4CD78A41BFEC51F0057F61C /* B2BTutoringUITests.swift in Sources */ = {isa = PBXBuildFile; fileRef = F4CD78A31BFEC51F0057F61C /* B2BTutoringUITests.swift */; };
		F4CD78AC1BFEC53E0057F61C /* testCreateSession.swift in Sources */ = {isa = PBXBuildFile; fileRef = F4CD78AB1BFEC53E0057F61C /* testCreateSession.swift */; };
		F4CD78AE1BFEC56D0057F61C /* testProfile.swift in Sources */ = {isa = PBXBuildFile; fileRef = F4CD78AD1BFEC56D0057F61C /* testProfile.swift */; };
		F4CD78B01BFEC5C30057F61C /* testSearch.swift in Sources */ = {isa = PBXBuildFile; fileRef = F4CD78AF1BFEC5C30057F61C /* testSearch.swift */; };
		F4CD78B21BFEC5F30057F61C /* testSignUp.swift in Sources */ = {isa = PBXBuildFile; fileRef = F4CD78B11BFEC5F30057F61C /* testSignUp.swift */; };
/* End PBXBuildFile section */

/* Begin PBXContainerItemProxy section */
		F4CD78A61BFEC51F0057F61C /* PBXContainerItemProxy */ = {
			isa = PBXContainerItemProxy;
			containerPortal = 7E2C70B71BDDA834000F7F0F /* Project object */;
			proxyType = 1;
			remoteGlobalIDString = 7E2C70BE1BDDA834000F7F0F;
			remoteInfo = B2BTutoring;
		};
/* End PBXContainerItemProxy section */

/* Begin PBXFileReference section */
		026043F41BFA8F87000A9BFF /* Date.swift */ = {isa = PBXFileReference; fileEncoding = 4; lastKnownFileType = sourcecode.swift; path = Date.swift; sourceTree = "<group>"; };
		027146711BFC62DB0043E6DE /* Filter.swift */ = {isa = PBXFileReference; fileEncoding = 4; lastKnownFileType = sourcecode.swift; path = Filter.swift; sourceTree = "<group>"; };
		027146751BFC6FD00043E6DE /* Common.swift */ = {isa = PBXFileReference; fileEncoding = 4; lastKnownFileType = sourcecode.swift; path = Common.swift; sourceTree = "<group>"; };
		027146771BFDAD090043E6DE /* ExploreTableViewController.swift */ = {isa = PBXFileReference; fileEncoding = 4; lastKnownFileType = sourcecode.swift; path = ExploreTableViewController.swift; sourceTree = "<group>"; };
		02AE3FDB1BFA7EF9003156F0 /* User.swift */ = {isa = PBXFileReference; fileEncoding = 4; lastKnownFileType = sourcecode.swift; path = User.swift; sourceTree = "<group>"; };
		02AE3FDD1BFA7F5F003156F0 /* Session.swift */ = {isa = PBXFileReference; fileEncoding = 4; lastKnownFileType = sourcecode.swift; path = Session.swift; sourceTree = "<group>"; };
		02AE3FDF1BFA7FBA003156F0 /* B2B-Bridging-Header.h */ = {isa = PBXFileReference; lastKnownFileType = sourcecode.c.h; path = "B2B-Bridging-Header.h"; sourceTree = "<group>"; };
		10570C705A72F66E008AD80B /* Pods-B2BTutoring.debug.xcconfig */ = {isa = PBXFileReference; includeInIndex = 1; lastKnownFileType = text.xcconfig; name = "Pods-B2BTutoring.debug.xcconfig"; path = "Pods/Target Support Files/Pods-B2BTutoring/Pods-B2BTutoring.debug.xcconfig"; sourceTree = "<group>"; };
		1CC91E4F30D159C033A5BBD7 /* Pods_B2BTutoring.framework */ = {isa = PBXFileReference; explicitFileType = wrapper.framework; includeInIndex = 0; path = Pods_B2BTutoring.framework; sourceTree = BUILT_PRODUCTS_DIR; };
		390937BF1BEACEA8008043B4 /* SessionInfoViewController.swift */ = {isa = PBXFileReference; fileEncoding = 4; lastKnownFileType = sourcecode.swift; path = SessionInfoViewController.swift; sourceTree = "<group>"; };
		390937FB1BEC0B59008043B4 /* MapKit.framework */ = {isa = PBXFileReference; lastKnownFileType = wrapper.framework; name = MapKit.framework; path = System/Library/Frameworks/MapKit.framework; sourceTree = SDKROOT; };
		3929C7CA1BFABB580081992E /* Review.swift */ = {isa = PBXFileReference; fileEncoding = 4; lastKnownFileType = sourcecode.swift; path = Review.swift; sourceTree = "<group>"; };
		3929C7CC1BFABE630081992E /* ReviewTableViewCell.swift */ = {isa = PBXFileReference; fileEncoding = 4; lastKnownFileType = sourcecode.swift; path = ReviewTableViewCell.swift; sourceTree = "<group>"; };
		3929C7D01BFAF3090081992E /* ReviewTableViewController.swift */ = {isa = PBXFileReference; fileEncoding = 4; lastKnownFileType = sourcecode.swift; path = ReviewTableViewController.swift; sourceTree = "<group>"; };
		3992E0FA1BFBF2FD005F2C00 /* EditProfileViewController.swift */ = {isa = PBXFileReference; fileEncoding = 4; lastKnownFileType = sourcecode.swift; path = EditProfileViewController.swift; sourceTree = "<group>"; };
		3992E0FD1BFC15E4005F2C00 /* Search.swift */ = {isa = PBXFileReference; fileEncoding = 4; lastKnownFileType = sourcecode.swift; path = Search.swift; sourceTree = "<group>"; };
		3992E1001BFC32ED005F2C00 /* FilterViewController.swift */ = {isa = PBXFileReference; fileEncoding = 4; lastKnownFileType = sourcecode.swift; path = FilterViewController.swift; sourceTree = "<group>"; };
		3992E1021BFC5903005F2C00 /* PostReviewViewController.swift */ = {isa = PBXFileReference; fileEncoding = 4; lastKnownFileType = sourcecode.swift; path = PostReviewViewController.swift; sourceTree = "<group>"; };
		479FD915146CC99E76693270 /* Pods-B2BTutoring.release.xcconfig */ = {isa = PBXFileReference; includeInIndex = 1; lastKnownFileType = text.xcconfig; name = "Pods-B2BTutoring.release.xcconfig"; path = "Pods/Target Support Files/Pods-B2BTutoring/Pods-B2BTutoring.release.xcconfig"; sourceTree = "<group>"; };
		7E2C70BF1BDDA834000F7F0F /* B2BTutoring.app */ = {isa = PBXFileReference; explicitFileType = wrapper.application; includeInIndex = 0; path = B2BTutoring.app; sourceTree = BUILT_PRODUCTS_DIR; };
		7E2C70C21BDDA834000F7F0F /* AppDelegate.swift */ = {isa = PBXFileReference; lastKnownFileType = sourcecode.swift; path = AppDelegate.swift; sourceTree = "<group>"; };
		7E2C70C41BDDA834000F7F0F /* LaunchViewController.swift */ = {isa = PBXFileReference; lastKnownFileType = sourcecode.swift; path = LaunchViewController.swift; sourceTree = "<group>"; };
		7E2C70C71BDDA834000F7F0F /* Base */ = {isa = PBXFileReference; lastKnownFileType = file.storyboard; name = Base; path = Base.lproj/Main.storyboard; sourceTree = "<group>"; };
		7E2C70C91BDDA834000F7F0F /* Assets.xcassets */ = {isa = PBXFileReference; lastKnownFileType = folder.assetcatalog; path = Assets.xcassets; sourceTree = "<group>"; };
		7E2C70CC1BDDA834000F7F0F /* Base */ = {isa = PBXFileReference; lastKnownFileType = file.storyboard; name = Base; path = Base.lproj/LaunchScreen.storyboard; sourceTree = "<group>"; };
		7E2C70CE1BDDA834000F7F0F /* Info.plist */ = {isa = PBXFileReference; lastKnownFileType = text.plist.xml; path = Info.plist; sourceTree = "<group>"; };
		7E2C70DA1BDDA917000F7F0F /* Bolts.framework */ = {isa = PBXFileReference; lastKnownFileType = wrapper.framework; path = Bolts.framework; sourceTree = "<group>"; };
		7E2C70DB1BDDA917000F7F0F /* Parse.framework */ = {isa = PBXFileReference; lastKnownFileType = wrapper.framework; path = Parse.framework; sourceTree = "<group>"; };
		7E2C70DE1BDDA9E7000F7F0F /* AudioToolbox.framework */ = {isa = PBXFileReference; lastKnownFileType = wrapper.framework; name = AudioToolbox.framework; path = System/Library/Frameworks/AudioToolbox.framework; sourceTree = SDKROOT; };
		7E2C70E01BDDA9EF000F7F0F /* CFNetwork.framework */ = {isa = PBXFileReference; lastKnownFileType = wrapper.framework; name = CFNetwork.framework; path = System/Library/Frameworks/CFNetwork.framework; sourceTree = SDKROOT; };
		7E2C70E21BDDA9F8000F7F0F /* CoreGraphics.framework */ = {isa = PBXFileReference; lastKnownFileType = wrapper.framework; name = CoreGraphics.framework; path = System/Library/Frameworks/CoreGraphics.framework; sourceTree = SDKROOT; };
		7E2C70E41BDDA9FF000F7F0F /* CoreLocation.framework */ = {isa = PBXFileReference; lastKnownFileType = wrapper.framework; name = CoreLocation.framework; path = System/Library/Frameworks/CoreLocation.framework; sourceTree = SDKROOT; };
		7E2C70E61BDDAA07000F7F0F /* QuartzCore.framework */ = {isa = PBXFileReference; lastKnownFileType = wrapper.framework; name = QuartzCore.framework; path = System/Library/Frameworks/QuartzCore.framework; sourceTree = SDKROOT; };
		7E2C70E81BDDAA10000F7F0F /* Security.framework */ = {isa = PBXFileReference; lastKnownFileType = wrapper.framework; name = Security.framework; path = System/Library/Frameworks/Security.framework; sourceTree = SDKROOT; };
		7E2C70EA1BDDAA18000F7F0F /* StoreKit.framework */ = {isa = PBXFileReference; lastKnownFileType = wrapper.framework; name = StoreKit.framework; path = System/Library/Frameworks/StoreKit.framework; sourceTree = SDKROOT; };
		7E2C70EC1BDDAA1F000F7F0F /* SystemConfiguration.framework */ = {isa = PBXFileReference; lastKnownFileType = wrapper.framework; name = SystemConfiguration.framework; path = System/Library/Frameworks/SystemConfiguration.framework; sourceTree = SDKROOT; };
		7E2C70EE1BDDAA27000F7F0F /* libz.tbd */ = {isa = PBXFileReference; lastKnownFileType = "sourcecode.text-based-dylib-definition"; name = libz.tbd; path = usr/lib/libz.tbd; sourceTree = SDKROOT; };
		7E2C70F01BDDAA30000F7F0F /* libsqlite3.tbd */ = {isa = PBXFileReference; lastKnownFileType = "sourcecode.text-based-dylib-definition"; name = libsqlite3.tbd; path = usr/lib/libsqlite3.tbd; sourceTree = SDKROOT; };
		7E2C70F21BDDBD80000F7F0F /* LoginPhoneNumberViewController.swift */ = {isa = PBXFileReference; fileEncoding = 4; lastKnownFileType = sourcecode.swift; path = LoginPhoneNumberViewController.swift; sourceTree = "<group>"; };
		7E4BECA11BE1AC6900D74DEB /* SearchTableViewController.swift */ = {isa = PBXFileReference; fileEncoding = 4; lastKnownFileType = sourcecode.swift; path = SearchTableViewController.swift; sourceTree = "<group>"; };
		7E4BECA71BE1DADF00D74DEB /* LoginConfirmationViewController.swift */ = {isa = PBXFileReference; fileEncoding = 4; lastKnownFileType = sourcecode.swift; path = LoginConfirmationViewController.swift; sourceTree = "<group>"; };
		7E4BECAA1BE30E6900D74DEB /* CreateSessionViewController.swift */ = {isa = PBXFileReference; fileEncoding = 4; lastKnownFileType = sourcecode.swift; path = CreateSessionViewController.swift; sourceTree = "<group>"; };
		7E5D04251BE3550700285761 /* InfoTableViewCell.swift */ = {isa = PBXFileReference; fileEncoding = 4; lastKnownFileType = sourcecode.swift; path = InfoTableViewCell.swift; sourceTree = "<group>"; };
		7E5D04261BE3550700285761 /* SessionTableViewCell.swift */ = {isa = PBXFileReference; fileEncoding = 4; lastKnownFileType = sourcecode.swift; path = SessionTableViewCell.swift; sourceTree = "<group>"; };
		7E5D04291BE3591300285761 /* ProfileTableViewController.swift */ = {isa = PBXFileReference; fileEncoding = 4; lastKnownFileType = sourcecode.swift; path = ProfileTableViewController.swift; sourceTree = "<group>"; };
		7E5D042B1BE3596E00285761 /* SessionTableViewController.swift */ = {isa = PBXFileReference; fileEncoding = 4; lastKnownFileType = sourcecode.swift; path = SessionTableViewController.swift; sourceTree = "<group>"; };
		7E5D042F1BE35F3C00285761 /* sessionCell.xib */ = {isa = PBXFileReference; fileEncoding = 4; lastKnownFileType = file.xib; path = sessionCell.xib; sourceTree = "<group>"; };
		7EB0581E1BDDE5F100342F29 /* NumberButtonView.swift */ = {isa = PBXFileReference; fileEncoding = 4; lastKnownFileType = sourcecode.swift; path = NumberButtonView.swift; sourceTree = "<group>"; };
		7EB7F0311BE3F13700CCDAB4 /* TuteeSession.swift */ = {isa = PBXFileReference; fileEncoding = 4; lastKnownFileType = sourcecode.swift; path = TuteeSession.swift; sourceTree = "<group>"; };
		7EB7F0321BE3F13700CCDAB4 /* TutorSession.swift */ = {isa = PBXFileReference; fileEncoding = 4; lastKnownFileType = sourcecode.swift; path = TutorSession.swift; sourceTree = "<group>"; };
		7EF7C0F01BFC4A180060EE4C /* LoginOrSignUpViewController.swift */ = {isa = PBXFileReference; fileEncoding = 4; lastKnownFileType = sourcecode.swift; path = LoginOrSignUpViewController.swift; sourceTree = "<group>"; };
		7EF7C0F11BFC4A180060EE4C /* LoginProfileContViewController.swift */ = {isa = PBXFileReference; fileEncoding = 4; lastKnownFileType = sourcecode.swift; path = LoginProfileContViewController.swift; sourceTree = "<group>"; };
		7EF7C0F41BFC4A250060EE4C /* CategoryPickerView.swift */ = {isa = PBXFileReference; fileEncoding = 4; lastKnownFileType = sourcecode.swift; path = CategoryPickerView.swift; sourceTree = "<group>"; };
		7EF7C10D1BFD9DCE0060EE4C /* Toucan.h */ = {isa = PBXFileReference; fileEncoding = 4; lastKnownFileType = sourcecode.c.h; path = Toucan.h; sourceTree = "<group>"; };
		7EF7C10E1BFD9DCE0060EE4C /* Toucan.swift */ = {isa = PBXFileReference; fileEncoding = 4; lastKnownFileType = sourcecode.swift; path = Toucan.swift; sourceTree = "<group>"; };
		7EFEB6A01BDF302000D644A9 /* LoginProfileViewController.swift */ = {isa = PBXFileReference; fileEncoding = 4; lastKnownFileType = sourcecode.swift; path = LoginProfileViewController.swift; sourceTree = "<group>"; };
		7EFEB6A31BDF393D00D644A9 /* AkiraTextField.swift */ = {isa = PBXFileReference; fileEncoding = 4; lastKnownFileType = sourcecode.swift; path = AkiraTextField.swift; sourceTree = "<group>"; };
		7EFEB6A41BDF393D00D644A9 /* HoshiTextField.swift */ = {isa = PBXFileReference; fileEncoding = 4; lastKnownFileType = sourcecode.swift; path = HoshiTextField.swift; sourceTree = "<group>"; };
		7EFEB6A61BDF393D00D644A9 /* IsaoTextField.swift */ = {isa = PBXFileReference; fileEncoding = 4; lastKnownFileType = sourcecode.swift; path = IsaoTextField.swift; sourceTree = "<group>"; };
		7EFEB6A71BDF393D00D644A9 /* JiroTextField.swift */ = {isa = PBXFileReference; fileEncoding = 4; lastKnownFileType = sourcecode.swift; path = JiroTextField.swift; sourceTree = "<group>"; };
		7EFEB6A81BDF393D00D644A9 /* KaedeTextField.swift */ = {isa = PBXFileReference; fileEncoding = 4; lastKnownFileType = sourcecode.swift; path = KaedeTextField.swift; sourceTree = "<group>"; };
		7EFEB6A91BDF393D00D644A9 /* MadokaTextField.swift */ = {isa = PBXFileReference; fileEncoding = 4; lastKnownFileType = sourcecode.swift; path = MadokaTextField.swift; sourceTree = "<group>"; };
		7EFEB6AA1BDF393D00D644A9 /* MinoruTextField.swift */ = {isa = PBXFileReference; fileEncoding = 4; lastKnownFileType = sourcecode.swift; path = MinoruTextField.swift; sourceTree = "<group>"; };
		7EFEB6AB1BDF393D00D644A9 /* TextFieldEffects.h */ = {isa = PBXFileReference; fileEncoding = 4; lastKnownFileType = sourcecode.c.h; path = TextFieldEffects.h; sourceTree = "<group>"; };
		7EFEB6AC1BDF393D00D644A9 /* TextFieldsEffects.swift */ = {isa = PBXFileReference; fileEncoding = 4; lastKnownFileType = sourcecode.swift; path = TextFieldsEffects.swift; sourceTree = "<group>"; };
		7EFEB6AD1BDF393D00D644A9 /* YokoTextField.swift */ = {isa = PBXFileReference; fileEncoding = 4; lastKnownFileType = sourcecode.swift; path = YokoTextField.swift; sourceTree = "<group>"; };
		F4CD78A11BFEC51F0057F61C /* B2BTutoringUITests.xctest */ = {isa = PBXFileReference; explicitFileType = wrapper.cfbundle; includeInIndex = 0; path = B2BTutoringUITests.xctest; sourceTree = BUILT_PRODUCTS_DIR; };
		F4CD78A31BFEC51F0057F61C /* B2BTutoringUITests.swift */ = {isa = PBXFileReference; lastKnownFileType = sourcecode.swift; path = B2BTutoringUITests.swift; sourceTree = "<group>"; };
		F4CD78A51BFEC51F0057F61C /* Info.plist */ = {isa = PBXFileReference; lastKnownFileType = text.plist.xml; path = Info.plist; sourceTree = "<group>"; };
		F4CD78AB1BFEC53E0057F61C /* testCreateSession.swift */ = {isa = PBXFileReference; fileEncoding = 4; lastKnownFileType = sourcecode.swift; path = testCreateSession.swift; sourceTree = "<group>"; };
		F4CD78AD1BFEC56D0057F61C /* testProfile.swift */ = {isa = PBXFileReference; fileEncoding = 4; lastKnownFileType = sourcecode.swift; path = testProfile.swift; sourceTree = "<group>"; };
		F4CD78AF1BFEC5C30057F61C /* testSearch.swift */ = {isa = PBXFileReference; fileEncoding = 4; lastKnownFileType = sourcecode.swift; path = testSearch.swift; sourceTree = "<group>"; };
		F4CD78B11BFEC5F30057F61C /* testSignUp.swift */ = {isa = PBXFileReference; fileEncoding = 4; lastKnownFileType = sourcecode.swift; path = testSignUp.swift; sourceTree = "<group>"; };
/* End PBXFileReference section */

/* Begin PBXFrameworksBuildPhase section */
		7E2C70BC1BDDA834000F7F0F /* Frameworks */ = {
			isa = PBXFrameworksBuildPhase;
			buildActionMask = 2147483647;
			files = (
				7E2C70F11BDDAA30000F7F0F /* libsqlite3.tbd in Frameworks */,
				7E2C70EF1BDDAA27000F7F0F /* libz.tbd in Frameworks */,
				7E2C70ED1BDDAA1F000F7F0F /* SystemConfiguration.framework in Frameworks */,
				7E2C70EB1BDDAA18000F7F0F /* StoreKit.framework in Frameworks */,
				390937FC1BEC0B59008043B4 /* MapKit.framework in Frameworks */,
				7E2C70E91BDDAA10000F7F0F /* Security.framework in Frameworks */,
				7E2C70E71BDDAA07000F7F0F /* QuartzCore.framework in Frameworks */,
				7E2C70E51BDDA9FF000F7F0F /* CoreLocation.framework in Frameworks */,
				7E2C70E31BDDA9F8000F7F0F /* CoreGraphics.framework in Frameworks */,
				7E2C70E11BDDA9EF000F7F0F /* CFNetwork.framework in Frameworks */,
				7E2C70DF1BDDA9E7000F7F0F /* AudioToolbox.framework in Frameworks */,
				7E2C70DD1BDDA917000F7F0F /* Parse.framework in Frameworks */,
				7E2C70DC1BDDA917000F7F0F /* Bolts.framework in Frameworks */,
				8818C0B25706653B02723567 /* Pods_B2BTutoring.framework in Frameworks */,
			);
			runOnlyForDeploymentPostprocessing = 0;
		};
		F4CD789E1BFEC51F0057F61C /* Frameworks */ = {
			isa = PBXFrameworksBuildPhase;
			buildActionMask = 2147483647;
			files = (
			);
			runOnlyForDeploymentPostprocessing = 0;
		};
/* End PBXFrameworksBuildPhase section */

/* Begin PBXGroup section */
		7E2C70B61BDDA834000F7F0F = {
			isa = PBXGroup;
			children = (
				7E2C70C11BDDA834000F7F0F /* B2BTutoring */,
				F4CD78A21BFEC51F0057F61C /* B2BTutoringUITests */,
				7E2C70C01BDDA834000F7F0F /* Products */,
				7E2C70D41BDDA848000F7F0F /* Resources */,
				7E2C70D91BDDA8FB000F7F0F /* Frameworks */,
				7EB058411BDEFD6700342F29 /* Extensions */,
				A65A8EF21064A2AF531B1129 /* Pods */,
			);
			sourceTree = "<group>";
		};
		7E2C70C01BDDA834000F7F0F /* Products */ = {
			isa = PBXGroup;
			children = (
				7E2C70BF1BDDA834000F7F0F /* B2BTutoring.app */,
				F4CD78A11BFEC51F0057F61C /* B2BTutoringUITests.xctest */,
			);
			name = Products;
			sourceTree = "<group>";
		};
		7E2C70C11BDDA834000F7F0F /* B2BTutoring */ = {
			isa = PBXGroup;
			children = (
				02AE3FDF1BFA7FBA003156F0 /* B2B-Bridging-Header.h */,
				7E4BEC9E1BE1A6BD00D74DEB /* Models */,
				7E4BEC9D1BE1A6AC00D74DEB /* Views */,
				7E4BEC9C1BE1A68C00D74DEB /* Controllers */,
				7E2C70C21BDDA834000F7F0F /* AppDelegate.swift */,
				7E2C70C61BDDA834000F7F0F /* Main.storyboard */,
				7E5D042F1BE35F3C00285761 /* sessionCell.xib */,
			);
			path = B2BTutoring;
			sourceTree = "<group>";
		};
		7E2C70D41BDDA848000F7F0F /* Resources */ = {
			isa = PBXGroup;
			children = (
				7EF7C1091BFD24FC0060EE4C /* Toucan */,
				7EFEB6A21BDF393D00D644A9 /* TextFieldEffects */,
				7E2C70CE1BDDA834000F7F0F /* Info.plist */,
				7E2C70CB1BDDA834000F7F0F /* LaunchScreen.storyboard */,
				7E2C70C91BDDA834000F7F0F /* Assets.xcassets */,
			);
			name = Resources;
			path = B2BTutoring;
			sourceTree = "<group>";
		};
		7E2C70D91BDDA8FB000F7F0F /* Frameworks */ = {
			isa = PBXGroup;
			children = (
				390937FB1BEC0B59008043B4 /* MapKit.framework */,
				7E2C70F01BDDAA30000F7F0F /* libsqlite3.tbd */,
				7E2C70EE1BDDAA27000F7F0F /* libz.tbd */,
				7E2C70EC1BDDAA1F000F7F0F /* SystemConfiguration.framework */,
				7E2C70EA1BDDAA18000F7F0F /* StoreKit.framework */,
				7E2C70E81BDDAA10000F7F0F /* Security.framework */,
				7E2C70E61BDDAA07000F7F0F /* QuartzCore.framework */,
				7E2C70E41BDDA9FF000F7F0F /* CoreLocation.framework */,
				7E2C70E21BDDA9F8000F7F0F /* CoreGraphics.framework */,
				7E2C70E01BDDA9EF000F7F0F /* CFNetwork.framework */,
				7E2C70DE1BDDA9E7000F7F0F /* AudioToolbox.framework */,
				7E2C70DA1BDDA917000F7F0F /* Bolts.framework */,
				7E2C70DB1BDDA917000F7F0F /* Parse.framework */,
				1CC91E4F30D159C033A5BBD7 /* Pods_B2BTutoring.framework */,
			);
			name = Frameworks;
			sourceTree = "<group>";
		};
		7E4BEC9C1BE1A68C00D74DEB /* Controllers */ = {
			isa = PBXGroup;
			children = (
				027146771BFDAD090043E6DE /* ExploreTableViewController.swift */,
				7EF7C0F01BFC4A180060EE4C /* LoginOrSignUpViewController.swift */,
				7EF7C0F11BFC4A180060EE4C /* LoginProfileContViewController.swift */,
				7E5D042B1BE3596E00285761 /* SessionTableViewController.swift */,
				7E5D04291BE3591300285761 /* ProfileTableViewController.swift */,
				7E4BECA71BE1DADF00D74DEB /* LoginConfirmationViewController.swift */,
				7E2C70C41BDDA834000F7F0F /* LaunchViewController.swift */,
				7EFEB6A01BDF302000D644A9 /* LoginProfileViewController.swift */,
				7E2C70F21BDDBD80000F7F0F /* LoginPhoneNumberViewController.swift */,
				7E4BECA11BE1AC6900D74DEB /* SearchTableViewController.swift */,
				7E4BECAA1BE30E6900D74DEB /* CreateSessionViewController.swift */,
				390937BF1BEACEA8008043B4 /* SessionInfoViewController.swift */,
				3929C7D01BFAF3090081992E /* ReviewTableViewController.swift */,
				3992E0FA1BFBF2FD005F2C00 /* EditProfileViewController.swift */,
				3992E1001BFC32ED005F2C00 /* FilterViewController.swift */,
				3992E1021BFC5903005F2C00 /* PostReviewViewController.swift */,
			);
			name = Controllers;
			sourceTree = "<group>";
		};
		7E4BEC9D1BE1A6AC00D74DEB /* Views */ = {
			isa = PBXGroup;
			children = (
				7EF7C0F41BFC4A250060EE4C /* CategoryPickerView.swift */,
				7E5D04251BE3550700285761 /* InfoTableViewCell.swift */,
				7E5D04261BE3550700285761 /* SessionTableViewCell.swift */,
				7EB0581E1BDDE5F100342F29 /* NumberButtonView.swift */,
				3929C7CC1BFABE630081992E /* ReviewTableViewCell.swift */,
			);
			name = Views;
			sourceTree = "<group>";
		};
		7E4BEC9E1BE1A6BD00D74DEB /* Models */ = {
			isa = PBXGroup;
			children = (
				027146751BFC6FD00043E6DE /* Common.swift */,
				3992E0FD1BFC15E4005F2C00 /* Search.swift */,
				026043F41BFA8F87000A9BFF /* Date.swift */,
				02AE3FDB1BFA7EF9003156F0 /* User.swift */,
				02AE3FDD1BFA7F5F003156F0 /* Session.swift */,
				7EB7F0311BE3F13700CCDAB4 /* TuteeSession.swift */,
				7EB7F0321BE3F13700CCDAB4 /* TutorSession.swift */,
				3929C7CA1BFABB580081992E /* Review.swift */,
				027146711BFC62DB0043E6DE /* Filter.swift */,
			);
			name = Models;
			sourceTree = "<group>";
		};
		7EB058411BDEFD6700342F29 /* Extensions */ = {
			isa = PBXGroup;
			children = (
			);
			name = Extensions;
			sourceTree = "<group>";
		};
		7EF7C1091BFD24FC0060EE4C /* Toucan */ = {
			isa = PBXGroup;
			children = (
				7EF7C10D1BFD9DCE0060EE4C /* Toucan.h */,
				7EF7C10E1BFD9DCE0060EE4C /* Toucan.swift */,
			);
			name = Toucan;
			sourceTree = "<group>";
		};
		7EFEB6A21BDF393D00D644A9 /* TextFieldEffects */ = {
			isa = PBXGroup;
			children = (
				7EFEB6A31BDF393D00D644A9 /* AkiraTextField.swift */,
				7EFEB6A41BDF393D00D644A9 /* HoshiTextField.swift */,
				7EFEB6A61BDF393D00D644A9 /* IsaoTextField.swift */,
				7EFEB6A71BDF393D00D644A9 /* JiroTextField.swift */,
				7EFEB6A81BDF393D00D644A9 /* KaedeTextField.swift */,
				7EFEB6A91BDF393D00D644A9 /* MadokaTextField.swift */,
				7EFEB6AA1BDF393D00D644A9 /* MinoruTextField.swift */,
				7EFEB6AB1BDF393D00D644A9 /* TextFieldEffects.h */,
				7EFEB6AC1BDF393D00D644A9 /* TextFieldsEffects.swift */,
				7EFEB6AD1BDF393D00D644A9 /* YokoTextField.swift */,
			);
			path = TextFieldEffects;
			sourceTree = "<group>";
		};
		A65A8EF21064A2AF531B1129 /* Pods */ = {
			isa = PBXGroup;
			children = (
				10570C705A72F66E008AD80B /* Pods-B2BTutoring.debug.xcconfig */,
				479FD915146CC99E76693270 /* Pods-B2BTutoring.release.xcconfig */,
			);
			name = Pods;
			sourceTree = "<group>";
		};
		F4CD78A21BFEC51F0057F61C /* B2BTutoringUITests */ = {
			isa = PBXGroup;
			children = (
				F4CD78A31BFEC51F0057F61C /* B2BTutoringUITests.swift */,
				F4CD78A51BFEC51F0057F61C /* Info.plist */,
				F4CD78AB1BFEC53E0057F61C /* testCreateSession.swift */,
				F4CD78AD1BFEC56D0057F61C /* testProfile.swift */,
				F4CD78AF1BFEC5C30057F61C /* testSearch.swift */,
				F4CD78B11BFEC5F30057F61C /* testSignUp.swift */,
			);
			path = B2BTutoringUITests;
			sourceTree = "<group>";
		};
/* End PBXGroup section */

/* Begin PBXNativeTarget section */
		7E2C70BE1BDDA834000F7F0F /* B2BTutoring */ = {
			isa = PBXNativeTarget;
			buildConfigurationList = 7E2C70D11BDDA834000F7F0F /* Build configuration list for PBXNativeTarget "B2BTutoring" */;
			buildPhases = (
				BBBA66822BC79F826346679B /* Check Pods Manifest.lock */,
				7E2C70BB1BDDA834000F7F0F /* Sources */,
				7E2C70BC1BDDA834000F7F0F /* Frameworks */,
				7E2C70BD1BDDA834000F7F0F /* Resources */,
				837A6FF190402F1458CB0AE3 /* Embed Pods Frameworks */,
				3EA821ED8AE47CDAFCDAAEF1 /* Copy Pods Resources */,
			);
			buildRules = (
			);
			dependencies = (
			);
			name = B2BTutoring;
			productName = B2BTutoring;
			productReference = 7E2C70BF1BDDA834000F7F0F /* B2BTutoring.app */;
			productType = "com.apple.product-type.application";
		};
		F4CD78A01BFEC51F0057F61C /* B2BTutoringUITests */ = {
			isa = PBXNativeTarget;
			buildConfigurationList = F4CD78AA1BFEC51F0057F61C /* Build configuration list for PBXNativeTarget "B2BTutoringUITests" */;
			buildPhases = (
				F4CD789D1BFEC51F0057F61C /* Sources */,
				F4CD789E1BFEC51F0057F61C /* Frameworks */,
				F4CD789F1BFEC51F0057F61C /* Resources */,
			);
			buildRules = (
			);
			dependencies = (
				F4CD78A71BFEC51F0057F61C /* PBXTargetDependency */,
			);
			name = B2BTutoringUITests;
			productName = B2BTutoringUITests;
			productReference = F4CD78A11BFEC51F0057F61C /* B2BTutoringUITests.xctest */;
			productType = "com.apple.product-type.bundle.ui-testing";
		};
/* End PBXNativeTarget section */

/* Begin PBXProject section */
		7E2C70B71BDDA834000F7F0F /* Project object */ = {
			isa = PBXProject;
			attributes = {
				LastSwiftUpdateCheck = 0710;
				LastUpgradeCheck = 0710;
				ORGANIZATIONNAME = "Team 1";
				TargetAttributes = {
					7E2C70BE1BDDA834000F7F0F = {
						CreatedOnToolsVersion = 7.1;
						DevelopmentTeam = Y8L34TBW3R;
						SystemCapabilities = {
							com.apple.Maps.iOS = {
								enabled = 1;
							};
						};
					};
					F4CD78A01BFEC51F0057F61C = {
						CreatedOnToolsVersion = 7.1.1;
						TestTargetID = 7E2C70BE1BDDA834000F7F0F;
					};
				};
			};
			buildConfigurationList = 7E2C70BA1BDDA834000F7F0F /* Build configuration list for PBXProject "B2BTutoring" */;
			compatibilityVersion = "Xcode 3.2";
			developmentRegion = English;
			hasScannedForEncodings = 0;
			knownRegions = (
				en,
				Base,
			);
			mainGroup = 7E2C70B61BDDA834000F7F0F;
			productRefGroup = 7E2C70C01BDDA834000F7F0F /* Products */;
			projectDirPath = "";
			projectRoot = "";
			targets = (
				7E2C70BE1BDDA834000F7F0F /* B2BTutoring */,
				F4CD78A01BFEC51F0057F61C /* B2BTutoringUITests */,
			);
		};
/* End PBXProject section */

/* Begin PBXResourcesBuildPhase section */
		7E2C70BD1BDDA834000F7F0F /* Resources */ = {
			isa = PBXResourcesBuildPhase;
			buildActionMask = 2147483647;
			files = (
				7E5D04301BE35F3C00285761 /* sessionCell.xib in Resources */,
				7E2C70CD1BDDA834000F7F0F /* LaunchScreen.storyboard in Resources */,
				7E2C70CA1BDDA834000F7F0F /* Assets.xcassets in Resources */,
				7E2C70C81BDDA834000F7F0F /* Main.storyboard in Resources */,
			);
			runOnlyForDeploymentPostprocessing = 0;
		};
		F4CD789F1BFEC51F0057F61C /* Resources */ = {
			isa = PBXResourcesBuildPhase;
			buildActionMask = 2147483647;
			files = (
			);
			runOnlyForDeploymentPostprocessing = 0;
		};
/* End PBXResourcesBuildPhase section */

/* Begin PBXShellScriptBuildPhase section */
		3EA821ED8AE47CDAFCDAAEF1 /* Copy Pods Resources */ = {
			isa = PBXShellScriptBuildPhase;
			buildActionMask = 2147483647;
			files = (
			);
			inputPaths = (
			);
			name = "Copy Pods Resources";
			outputPaths = (
			);
			runOnlyForDeploymentPostprocessing = 0;
			shellPath = /bin/sh;
			shellScript = "\"${SRCROOT}/Pods/Target Support Files/Pods-B2BTutoring/Pods-B2BTutoring-resources.sh\"\n";
			showEnvVarsInLog = 0;
		};
		837A6FF190402F1458CB0AE3 /* Embed Pods Frameworks */ = {
			isa = PBXShellScriptBuildPhase;
			buildActionMask = 2147483647;
			files = (
			);
			inputPaths = (
			);
			name = "Embed Pods Frameworks";
			outputPaths = (
			);
			runOnlyForDeploymentPostprocessing = 0;
			shellPath = /bin/sh;
			shellScript = "\"${SRCROOT}/Pods/Target Support Files/Pods-B2BTutoring/Pods-B2BTutoring-frameworks.sh\"\n";
			showEnvVarsInLog = 0;
		};
		BBBA66822BC79F826346679B /* Check Pods Manifest.lock */ = {
			isa = PBXShellScriptBuildPhase;
			buildActionMask = 2147483647;
			files = (
			);
			inputPaths = (
			);
			name = "Check Pods Manifest.lock";
			outputPaths = (
			);
			runOnlyForDeploymentPostprocessing = 0;
			shellPath = /bin/sh;
			shellScript = "diff \"${PODS_ROOT}/../Podfile.lock\" \"${PODS_ROOT}/Manifest.lock\" > /dev/null\nif [[ $? != 0 ]] ; then\n    cat << EOM\nerror: The sandbox is not in sync with the Podfile.lock. Run 'pod install' or update your CocoaPods installation.\nEOM\n    exit 1\nfi\n";
			showEnvVarsInLog = 0;
		};
/* End PBXShellScriptBuildPhase section */

/* Begin PBXSourcesBuildPhase section */
		7E2C70BB1BDDA834000F7F0F /* Sources */ = {
			isa = PBXSourcesBuildPhase;
			buildActionMask = 2147483647;
			files = (
				7EF7C10F1BFD9DCE0060EE4C /* Toucan.swift in Sources */,
				02AE3FDC1BFA7EF9003156F0 /* User.swift in Sources */,
				7E2C70F31BDDBD80000F7F0F /* LoginPhoneNumberViewController.swift in Sources */,
				7EFEB6B21BDF393D00D644A9 /* JiroTextField.swift in Sources */,
				7EFEB6B31BDF393D00D644A9 /* KaedeTextField.swift in Sources */,
				7E5D04271BE3550700285761 /* InfoTableViewCell.swift in Sources */,
				7EB0581F1BDDE5F100342F29 /* NumberButtonView.swift in Sources */,
				7EFEB6AE1BDF393D00D644A9 /* AkiraTextField.swift in Sources */,
				3929C7CD1BFABE630081992E /* ReviewTableViewCell.swift in Sources */,
				027146761BFC6FD00043E6DE /* Common.swift in Sources */,
				7E5D042A1BE3591300285761 /* ProfileTableViewController.swift in Sources */,
				390937C01BEACEA8008043B4 /* SessionInfoViewController.swift in Sources */,
				027146721BFC62DB0043E6DE /* Filter.swift in Sources */,
				7E4BECA81BE1DADF00D74DEB /* LoginConfirmationViewController.swift in Sources */,
				7E5D042C1BE3596E00285761 /* SessionTableViewController.swift in Sources */,
				7EB7F0331BE3F13700CCDAB4 /* TuteeSession.swift in Sources */,
				7EFEB6AF1BDF393D00D644A9 /* HoshiTextField.swift in Sources */,
				3992E1011BFC32ED005F2C00 /* FilterViewController.swift in Sources */,
				7EFEB6B51BDF393D00D644A9 /* MinoruTextField.swift in Sources */,
				7E4BECAB1BE30E6900D74DEB /* CreateSessionViewController.swift in Sources */,
				3992E0FB1BFBF2FD005F2C00 /* EditProfileViewController.swift in Sources */,
				7E4BECA21BE1AC6900D74DEB /* SearchTableViewController.swift in Sources */,
				7EF7C0F51BFC4A250060EE4C /* CategoryPickerView.swift in Sources */,
				027146781BFDAD090043E6DE /* ExploreTableViewController.swift in Sources */,
				3929C7D11BFAF3090081992E /* ReviewTableViewController.swift in Sources */,
				7E5D04281BE3550700285761 /* SessionTableViewCell.swift in Sources */,
				3992E0FF1BFC15E4005F2C00 /* Search.swift in Sources */,
				02AE3FDE1BFA7F5F003156F0 /* Session.swift in Sources */,
				7EFEB6B41BDF393D00D644A9 /* MadokaTextField.swift in Sources */,
				7EFEB6A11BDF302000D644A9 /* LoginProfileViewController.swift in Sources */,
				3992E1031BFC5903005F2C00 /* PostReviewViewController.swift in Sources */,
				7E2C70C51BDDA834000F7F0F /* LaunchViewController.swift in Sources */,
				7EFEB6B61BDF393D00D644A9 /* TextFieldsEffects.swift in Sources */,
				7EFEB6B71BDF393D00D644A9 /* YokoTextField.swift in Sources */,
				3929C7CB1BFABB580081992E /* Review.swift in Sources */,
				026043F51BFA8F87000A9BFF /* Date.swift in Sources */,
				7EFEB6B11BDF393D00D644A9 /* IsaoTextField.swift in Sources */,
				7EF7C0F31BFC4A180060EE4C /* LoginProfileContViewController.swift in Sources */,
				7EF7C0F21BFC4A180060EE4C /* LoginOrSignUpViewController.swift in Sources */,
				7E2C70C31BDDA834000F7F0F /* AppDelegate.swift in Sources */,
				7EB7F0341BE3F13700CCDAB4 /* TutorSession.swift in Sources */,
			);
			runOnlyForDeploymentPostprocessing = 0;
		};
		F4CD789D1BFEC51F0057F61C /* Sources */ = {
			isa = PBXSourcesBuildPhase;
			buildActionMask = 2147483647;
			files = (
				F4CD78AC1BFEC53E0057F61C /* testCreateSession.swift in Sources */,
				F4CD78B01BFEC5C30057F61C /* testSearch.swift in Sources */,
				F4CD78A41BFEC51F0057F61C /* B2BTutoringUITests.swift in Sources */,
				F4CD78AE1BFEC56D0057F61C /* testProfile.swift in Sources */,
				F4CD78B21BFEC5F30057F61C /* testSignUp.swift in Sources */,
			);
			runOnlyForDeploymentPostprocessing = 0;
		};
/* End PBXSourcesBuildPhase section */

/* Begin PBXTargetDependency section */
		F4CD78A71BFEC51F0057F61C /* PBXTargetDependency */ = {
			isa = PBXTargetDependency;
			target = 7E2C70BE1BDDA834000F7F0F /* B2BTutoring */;
			targetProxy = F4CD78A61BFEC51F0057F61C /* PBXContainerItemProxy */;
		};
/* End PBXTargetDependency section */

/* Begin PBXVariantGroup section */
		7E2C70C61BDDA834000F7F0F /* Main.storyboard */ = {
			isa = PBXVariantGroup;
			children = (
				7E2C70C71BDDA834000F7F0F /* Base */,
			);
			name = Main.storyboard;
			sourceTree = "<group>";
		};
		7E2C70CB1BDDA834000F7F0F /* LaunchScreen.storyboard */ = {
			isa = PBXVariantGroup;
			children = (
				7E2C70CC1BDDA834000F7F0F /* Base */,
			);
			name = LaunchScreen.storyboard;
			sourceTree = "<group>";
		};
/* End PBXVariantGroup section */

/* Begin XCBuildConfiguration section */
		7E2C70CF1BDDA834000F7F0F /* Debug */ = {
			isa = XCBuildConfiguration;
			buildSettings = {
				ALWAYS_SEARCH_USER_PATHS = NO;
				CLANG_CXX_LANGUAGE_STANDARD = "gnu++0x";
				CLANG_CXX_LIBRARY = "libc++";
				CLANG_ENABLE_MODULES = YES;
				CLANG_ENABLE_OBJC_ARC = YES;
				CLANG_WARN_BOOL_CONVERSION = YES;
				CLANG_WARN_CONSTANT_CONVERSION = YES;
				CLANG_WARN_DIRECT_OBJC_ISA_USAGE = YES_ERROR;
				CLANG_WARN_EMPTY_BODY = YES;
				CLANG_WARN_ENUM_CONVERSION = YES;
				CLANG_WARN_INT_CONVERSION = YES;
				CLANG_WARN_OBJC_ROOT_CLASS = YES_ERROR;
				CLANG_WARN_UNREACHABLE_CODE = YES;
				CLANG_WARN__DUPLICATE_METHOD_MATCH = YES;
				"CODE_SIGN_IDENTITY[sdk=iphoneos*]" = "iPhone Developer";
				COPY_PHASE_STRIP = NO;
				DEBUG_INFORMATION_FORMAT = dwarf;
				ENABLE_STRICT_OBJC_MSGSEND = YES;
				ENABLE_TESTABILITY = YES;
				GCC_C_LANGUAGE_STANDARD = gnu99;
				GCC_DYNAMIC_NO_PIC = NO;
				GCC_NO_COMMON_BLOCKS = YES;
				GCC_OPTIMIZATION_LEVEL = 0;
				GCC_PREPROCESSOR_DEFINITIONS = (
					"DEBUG=1",
					"$(inherited)",
				);
				GCC_WARN_64_TO_32_BIT_CONVERSION = YES;
				GCC_WARN_ABOUT_RETURN_TYPE = YES_ERROR;
				GCC_WARN_UNDECLARED_SELECTOR = YES;
				GCC_WARN_UNINITIALIZED_AUTOS = YES_AGGRESSIVE;
				GCC_WARN_UNUSED_FUNCTION = YES;
				GCC_WARN_UNUSED_VARIABLE = YES;
				IPHONEOS_DEPLOYMENT_TARGET = 9.1;
				MTL_ENABLE_DEBUG_INFO = YES;
				ONLY_ACTIVE_ARCH = YES;
				SDKROOT = iphoneos;
				SWIFT_OPTIMIZATION_LEVEL = "-Onone";
			};
			name = Debug;
		};
		7E2C70D01BDDA834000F7F0F /* Release */ = {
			isa = XCBuildConfiguration;
			buildSettings = {
				ALWAYS_SEARCH_USER_PATHS = NO;
				CLANG_CXX_LANGUAGE_STANDARD = "gnu++0x";
				CLANG_CXX_LIBRARY = "libc++";
				CLANG_ENABLE_MODULES = YES;
				CLANG_ENABLE_OBJC_ARC = YES;
				CLANG_WARN_BOOL_CONVERSION = YES;
				CLANG_WARN_CONSTANT_CONVERSION = YES;
				CLANG_WARN_DIRECT_OBJC_ISA_USAGE = YES_ERROR;
				CLANG_WARN_EMPTY_BODY = YES;
				CLANG_WARN_ENUM_CONVERSION = YES;
				CLANG_WARN_INT_CONVERSION = YES;
				CLANG_WARN_OBJC_ROOT_CLASS = YES_ERROR;
				CLANG_WARN_UNREACHABLE_CODE = YES;
				CLANG_WARN__DUPLICATE_METHOD_MATCH = YES;
				"CODE_SIGN_IDENTITY[sdk=iphoneos*]" = "iPhone Developer";
				COPY_PHASE_STRIP = NO;
				DEBUG_INFORMATION_FORMAT = "dwarf-with-dsym";
				ENABLE_NS_ASSERTIONS = NO;
				ENABLE_STRICT_OBJC_MSGSEND = YES;
				GCC_C_LANGUAGE_STANDARD = gnu99;
				GCC_NO_COMMON_BLOCKS = YES;
				GCC_WARN_64_TO_32_BIT_CONVERSION = YES;
				GCC_WARN_ABOUT_RETURN_TYPE = YES_ERROR;
				GCC_WARN_UNDECLARED_SELECTOR = YES;
				GCC_WARN_UNINITIALIZED_AUTOS = YES_AGGRESSIVE;
				GCC_WARN_UNUSED_FUNCTION = YES;
				GCC_WARN_UNUSED_VARIABLE = YES;
				IPHONEOS_DEPLOYMENT_TARGET = 9.1;
				MTL_ENABLE_DEBUG_INFO = NO;
				SDKROOT = iphoneos;
				VALIDATE_PRODUCT = YES;
			};
			name = Release;
		};
		7E2C70D21BDDA834000F7F0F /* Debug */ = {
			isa = XCBuildConfiguration;
			baseConfigurationReference = 10570C705A72F66E008AD80B /* Pods-B2BTutoring.debug.xcconfig */;
			buildSettings = {
				ASSETCATALOG_COMPILER_APPICON_NAME = AppIcon;
				CODE_SIGN_IDENTITY = "iPhone Developer";
				"CODE_SIGN_IDENTITY[sdk=iphoneos*]" = "iPhone Developer";
				FRAMEWORK_SEARCH_PATHS = (
					"$(inherited)",
					"$(PROJECT_DIR)/B2BTutoring",
					"$(PROJECT_DIR)",
				);
				INFOPLIST_FILE = B2BTutoring/Info.plist;
				LD_RUNPATH_SEARCH_PATHS = "$(inherited) @executable_path/Frameworks";
				PRODUCT_BUNDLE_IDENTIFIER = edu.ucla.cs130.B2BTutoring;
				PRODUCT_NAME = "$(TARGET_NAME)";
				PROVISIONING_PROFILE = "";
				SWIFT_OBJC_BRIDGING_HEADER = "B2BTutoring/B2B-Bridging-Header.h";
			};
			name = Debug;
		};
		7E2C70D31BDDA834000F7F0F /* Release */ = {
			isa = XCBuildConfiguration;
			baseConfigurationReference = 479FD915146CC99E76693270 /* Pods-B2BTutoring.release.xcconfig */;
			buildSettings = {
				ASSETCATALOG_COMPILER_APPICON_NAME = AppIcon;
				CODE_SIGN_IDENTITY = "iPhone Developer";
				"CODE_SIGN_IDENTITY[sdk=iphoneos*]" = "iPhone Developer";
				FRAMEWORK_SEARCH_PATHS = (
					"$(inherited)",
					"$(PROJECT_DIR)/B2BTutoring",
					"$(PROJECT_DIR)",
				);
				INFOPLIST_FILE = B2BTutoring/Info.plist;
				LD_RUNPATH_SEARCH_PATHS = "$(inherited) @executable_path/Frameworks";
				PRODUCT_BUNDLE_IDENTIFIER = edu.ucla.cs130.B2BTutoring;
				PRODUCT_NAME = "$(TARGET_NAME)";
				PROVISIONING_PROFILE = "";
				SWIFT_OBJC_BRIDGING_HEADER = "B2BTutoring/B2B-Bridging-Header.h";
			};
			name = Release;
		};
		F4CD78A81BFEC51F0057F61C /* Debug */ = {
			isa = XCBuildConfiguration;
			buildSettings = {
				INFOPLIST_FILE = B2BTutoringUITests/Info.plist;
				LD_RUNPATH_SEARCH_PATHS = "$(inherited) @executable_path/Frameworks @loader_path/Frameworks";
				PRODUCT_BUNDLE_IDENTIFIER = none.B2BTutoringUITests;
				PRODUCT_NAME = "$(TARGET_NAME)";
				TEST_TARGET_NAME = B2BTutoring;
				USES_XCTRUNNER = YES;
			};
			name = Debug;
		};
		F4CD78A91BFEC51F0057F61C /* Release */ = {
			isa = XCBuildConfiguration;
			buildSettings = {
				INFOPLIST_FILE = B2BTutoringUITests/Info.plist;
				LD_RUNPATH_SEARCH_PATHS = "$(inherited) @executable_path/Frameworks @loader_path/Frameworks";
				PRODUCT_BUNDLE_IDENTIFIER = none.B2BTutoringUITests;
				PRODUCT_NAME = "$(TARGET_NAME)";
				TEST_TARGET_NAME = B2BTutoring;
				USES_XCTRUNNER = YES;
			};
			name = Release;
		};
/* End XCBuildConfiguration section */

/* Begin XCConfigurationList section */
		7E2C70BA1BDDA834000F7F0F /* Build configuration list for PBXProject "B2BTutoring" */ = {
			isa = XCConfigurationList;
			buildConfigurations = (
				7E2C70CF1BDDA834000F7F0F /* Debug */,
				7E2C70D01BDDA834000F7F0F /* Release */,
			);
			defaultConfigurationIsVisible = 0;
			defaultConfigurationName = Release;
		};
		7E2C70D11BDDA834000F7F0F /* Build configuration list for PBXNativeTarget "B2BTutoring" */ = {
			isa = XCConfigurationList;
			buildConfigurations = (
				7E2C70D21BDDA834000F7F0F /* Debug */,
				7E2C70D31BDDA834000F7F0F /* Release */,
			);
			defaultConfigurationIsVisible = 0;
			defaultConfigurationName = Release;
		};
		F4CD78AA1BFEC51F0057F61C /* Build configuration list for PBXNativeTarget "B2BTutoringUITests" */ = {
			isa = XCConfigurationList;
			buildConfigurations = (
				F4CD78A81BFEC51F0057F61C /* Debug */,
				F4CD78A91BFEC51F0057F61C /* Release */,
			);
			defaultConfigurationIsVisible = 0;
			defaultConfigurationName = Release;
		};
/* End XCConfigurationList section */
	};
	rootObject = 7E2C70B71BDDA834000F7F0F /* Project object */;
}
